
Microsoft Visual Studio Solution File, Format Version 12.00
Project("{FAE04EC0-301F-11D3-BF4B-00C04F79EFBC}") = "260815", "260815\260815.csproj", "{36FED1CF-D0B3-4ED8-A3FD-83C68093A1F5}"
EndProject
Global
	GlobalSection(SolutionConfigurationPlatforms) = preSolution
		Debug|Any CPU = Debug|Any CPU
		Release|Any CPU = Release|Any CPU
	EndGlobalSection
	GlobalSection(ProjectConfigurationPlatforms) = postSolution
		{36FED1CF-D0B3-4ED8-A3FD-83C68093A1F5}.Debug|Any CPU.ActiveCfg = Debug|Any CPU
		{36FED1CF-D0B3-4ED8-A3FD-83C68093A1F5}.Debug|Any CPU.Build.0 = Debug|Any CPU
		{36FED1CF-D0B3-4ED8-A3FD-83C68093A1F5}.Release|Any CPU.ActiveCfg = Release|Any CPU
		{36FED1CF-D0B3-4ED8-A3FD-83C68093A1F5}.Release|Any CPU.Build.0 = Release|Any CPU
	EndGlobalSection
EndGlobal
