
Microsoft Visual Studio Solution File, Format Version 12.00
Project("{FAE04EC0-301F-11D3-BF4B-00C04F79EFBC}") = "260824_수업", "260824_수업\260824_수업.csproj", "{B740E6CB-66F0-4DE3-972A-84423C8ADD2F}"
EndProject
Global
	GlobalSection(SolutionConfigurationPlatforms) = preSolution
		Debug|Any CPU = Debug|Any CPU
		Release|Any CPU = Release|Any CPU
	EndGlobalSection
	GlobalSection(ProjectConfigurationPlatforms) = postSolution
		{B740E6CB-66F0-4DE3-972A-84423C8ADD2F}.Debug|Any CPU.ActiveCfg = Debug|Any CPU
		{B740E6CB-66F0-4DE3-972A-84423C8ADD2F}.Debug|Any CPU.Build.0 = Debug|Any CPU
		{B740E6CB-66F0-4DE3-972A-84423C8ADD2F}.Release|Any CPU.ActiveCfg = Release|Any CPU
		{B740E6CB-66F0-4DE3-972A-84423C8ADD2F}.Release|Any CPU.Build.0 = Release|Any CPU
	EndGlobalSection
EndGlobal
