
Microsoft Visual Studio Solution File, Format Version 12.00
Project("{FAE04EC0-301F-11D3-BF4B-00C04F79EFBC}") = "260813", "260813\260813.csproj", "{BE08E74F-32BB-4C19-A9A4-5166A8841751}"
EndProject
Global
	GlobalSection(SolutionConfigurationPlatforms) = preSolution
		Debug|Any CPU = Debug|Any CPU
		Release|Any CPU = Release|Any CPU
	EndGlobalSection
	GlobalSection(ProjectConfigurationPlatforms) = postSolution
		{BE08E74F-32BB-4C19-A9A4-5166A8841751}.Debug|Any CPU.ActiveCfg = Debug|Any CPU
		{BE08E74F-32BB-4C19-A9A4-5166A8841751}.Debug|Any CPU.Build.0 = Debug|Any CPU
		{BE08E74F-32BB-4C19-A9A4-5166A8841751}.Release|Any CPU.ActiveCfg = Release|Any CPU
		{BE08E74F-32BB-4C19-A9A4-5166A8841751}.Release|Any CPU.Build.0 = Release|Any CPU
	EndGlobalSection
EndGlobal
