
Microsoft Visual Studio Solution File, Format Version 12.00
Project("{FAE04EC0-301F-11D3-BF4B-00C04F79EFBC}") = "260814", "260814\260814.csproj", "{D558A04F-DE14-48E7-AF35-2772A049E0E4}"
EndProject
Global
	GlobalSection(SolutionConfigurationPlatforms) = preSolution
		Debug|Any CPU = Debug|Any CPU
		Release|Any CPU = Release|Any CPU
	EndGlobalSection
	GlobalSection(ProjectConfigurationPlatforms) = postSolution
		{D558A04F-DE14-48E7-AF35-2772A049E0E4}.Debug|Any CPU.ActiveCfg = Debug|Any CPU
		{D558A04F-DE14-48E7-AF35-2772A049E0E4}.Debug|Any CPU.Build.0 = Debug|Any CPU
		{D558A04F-DE14-48E7-AF35-2772A049E0E4}.Release|Any CPU.ActiveCfg = Release|Any CPU
		{D558A04F-DE14-48E7-AF35-2772A049E0E4}.Release|Any CPU.Build.0 = Release|Any CPU
	EndGlobalSection
EndGlobal
